
Microsoft Visual Studio Solution File, Format Version 12.00
# Visual Studio Version 17
VisualStudioVersion = 17.7.34003.232
MinimumVisualStudioVersion = 10.0.40219.1
Project("{54A90642-561A-4BB1-A94E-469ADEE60C69}") = "SingletonDesignPattern_Typescript_Example", "SingletonDesignPattern_Typescript_Example\SingletonDesignPattern_Typescript_Example.esproj", "{5C3EDA92-13B9-4971-8B5D-6B7257CFEC16}"
EndProject
Global
	GlobalSection(SolutionConfigurationPlatforms) = preSolution
		Debug|Any CPU = Debug|Any CPU
		Release|Any CPU = Release|Any CPU
	EndGlobalSection
	GlobalSection(ProjectConfigurationPlatforms) = postSolution
		{5C3EDA92-13B9-4971-8B5D-6B7257CFEC16}.Debug|Any CPU.ActiveCfg = Debug|Any CPU
		{5C3EDA92-13B9-4971-8B5D-6B7257CFEC16}.Debug|Any CPU.Build.0 = Debug|Any CPU
		{5C3EDA92-13B9-4971-8B5D-6B7257CFEC16}.Debug|Any CPU.Deploy.0 = Debug|Any CPU
		{5C3EDA92-13B9-4971-8B5D-6B7257CFEC16}.Release|Any CPU.ActiveCfg = Release|Any CPU
		{5C3EDA92-13B9-4971-8B5D-6B7257CFEC16}.Release|Any CPU.Build.0 = Release|Any CPU
		{5C3EDA92-13B9-4971-8B5D-6B7257CFEC16}.Release|Any CPU.Deploy.0 = Release|Any CPU
	EndGlobalSection
	GlobalSection(SolutionProperties) = preSolution
		HideSolutionNode = FALSE
	EndGlobalSection
	GlobalSection(ExtensibilityGlobals) = postSolution
		SolutionGuid = {BA653F49-5A1B-4249-A8F1-B8CE4E7A4263}
	EndGlobalSection
EndGlobal
